
Microsoft Visual Studio Solution File, Format Version 12.00
# Visual Studio Version 16
VisualStudioVersion = 16.0.31005.135
MinimumVisualStudioVersion = 10.0.40219.1
Project("{9A19103F-16F7-4668-BE54-9A1E7A4F7556}") = "OmniWMS.Infrastructure", "OmniWMS.Infrastructure.csproj", "{0F980456-FB4D-462A-8F51-7BF5E696BDCB}"
EndProject
Global
	GlobalSection(SolutionConfigurationPlatforms) = preSolution
		Debug|Any CPU = Debug|Any CPU
		Release|Any CPU = Release|Any CPU
	EndGlobalSection
	GlobalSection(ProjectConfigurationPlatforms) = postSolution
		{0F980456-FB4D-462A-8F51-7BF5E696BDCB}.Debug|Any CPU.ActiveCfg = Debug|Any CPU
		{0F980456-FB4D-462A-8F51-7BF5E696BDCB}.Debug|Any CPU.Build.0 = Debug|Any CPU
		{0F980456-FB4D-462A-8F51-7BF5E696BDCB}.Release|Any CPU.ActiveCfg = Release|Any CPU
		{0F980456-FB4D-462A-8F51-7BF5E696BDCB}.Release|Any CPU.Build.0 = Release|Any CPU
	EndGlobalSection
	GlobalSection(SolutionProperties) = preSolution
		HideSolutionNode = FALSE
	EndGlobalSection
	GlobalSection(ExtensibilityGlobals) = postSolution
		SolutionGuid = {7228D144-DEE3-47DA-8F8E-86EA8768CD0A}
	EndGlobalSection
EndGlobal
